
Microsoft Visual Studio Solution File, Format Version 12.00
# Visual Studio 15
VisualStudioVersion = 15.0.27428.2043
MinimumVisualStudioVersion = 10.0.40219.1
Project("{FAE04EC0-301F-11D3-BF4B-00C04F79EFBC}") = "Portofy", "Portofy\Portofy.csproj", "{74928C76-8E86-4011-BA8D-B4F34001D858}"
EndProject
Global
	GlobalSection(SolutionConfigurationPlatforms) = preSolution
		Debug|Any CPU = Debug|Any CPU
		Release|Any CPU = Release|Any CPU
	EndGlobalSection
	GlobalSection(ProjectConfigurationPlatforms) = postSolution
		{74928C76-8E86-4011-BA8D-B4F34001D858}.Debug|Any CPU.ActiveCfg = Debug|Any CPU
		{74928C76-8E86-4011-BA8D-B4F34001D858}.Debug|Any CPU.Build.0 = Debug|Any CPU
		{74928C76-8E86-4011-BA8D-B4F34001D858}.Release|Any CPU.ActiveCfg = Release|Any CPU
		{74928C76-8E86-4011-BA8D-B4F34001D858}.Release|Any CPU.Build.0 = Release|Any CPU
	EndGlobalSection
	GlobalSection(SolutionProperties) = preSolution
		HideSolutionNode = FALSE
	EndGlobalSection
	GlobalSection(ExtensibilityGlobals) = postSolution
		SolutionGuid = {DA0D37C9-947C-4744-9B93-BDB1A269E4AD}
	EndGlobalSection
EndGlobal
